<?xml version="1.0" encoding="utf-8"?>
<Project ToolsVersion="4.0" xmlns="http://schemas.microsoft.com/developer/msbuild/2003">
  <ItemGroup>
    <Filter Include="Header files">
      <UniqueIdentifier>{93995380-89BD-4b04-88EB-625FBE52EBFB}</UniqueIdentifier>
      <Extensions>h;hh;hpp;hxx;h++;hm;inl;inc;ipp;xsd</Extensions>
    </Filter>
    <Filter Include="Source files">
      <UniqueIdentifier>{4FC737F1-C7A5-4376-A066-2A32D752A2FF}</UniqueIdentifier>
      <Extensions>cpp;c;cc;cxx;c++;cppm;ixx;def;odl;idl;hpj;bat;asm;asmx</Extensions>
    </Filter>
    <Filter Include="Resources">
      <UniqueIdentifier>{67DA6AB6-F800-4c08-8B7A-83BB121AAD01}</UniqueIdentifier>
      <Extensions>rc;ico;cur;bmp;dlg;rc2;rct;bin;rgs;gif;jpg;jpeg;jpe;resx;tiff;tif;png;wav;mfcribbon-ms</Extensions>
    </Filter>
  </ItemGroup>
  <ItemGroup>
    <ClCompile Include="nest.c">
      <Filter>Source files</Filter>
    </ClCompile>
    <ClCompile Include="error.c">
      <Filter>Source files</Filter>
    </ClCompile>
    <ClCompile Include="llist.c">
      <Filter>Source files</Filter>
    </ClCompile>
    <ClCompile Include="tokens.c">
      <Filter>Source files</Filter>
    </ClCompile>
    <ClCompile Include="lexer.c">
      <Filter>Source files</Filter>
    </ClCompile>
    <ClCompile Include="parser.c">
      <Filter>Source files</Filter>
    </ClCompile>
    <ClCompile Include="nodes.c">
      <Filter>Source files</Filter>
    </ClCompile>
    <ClCompile Include="obj.c">
      <Filter>Source files</Filter>
    </ClCompile>
    <ClCompile Include="hash.c">
      <Filter>Source files</Filter>
    </ClCompile>
    <ClCompile Include="map.c">
      <Filter>Source files</Filter>
    </ClCompile>
    <ClCompile Include="obj_ops.c">
      <Filter>Source files</Filter>
    </ClCompile>
    <ClCompile Include="var_table.c">
      <Filter>Source files</Filter>
    </ClCompile>
    <ClCompile Include="sequence.c">
      <Filter>Source files</Filter>
    </ClCompile>
    <ClCompile Include="iter.c">
      <Filter>Source files</Filter>
    </ClCompile>
    <ClCompile Include="function.c">
      <Filter>Source files</Filter>
    </ClCompile>
    <ClCompile Include="str.c">
      <Filter>Source files</Filter>
    </ClCompile>
    <ClCompile Include="simple_types.c">
      <Filter>Source files</Filter>
    </ClCompile>
    <ClCompile Include="compiler.c">
      <Filter>Source files</Filter>
    </ClCompile>
    <ClCompile Include="optimizer.c">
      <Filter>Source files</Filter>
    </ClCompile>
    <ClCompile Include="interpreter.c">
      <Filter>Source files</Filter>
    </ClCompile>
    <ClCompile Include="instructions.c">
      <Filter>Source files</Filter>
    </ClCompile>
    <ClCompile Include="runtime_stack.c">
      <Filter>Source files</Filter>
    </ClCompile>
    <ClCompile Include="ggc.c">
      <Filter>Source files</Filter>
    </ClCompile>
    <ClCompile Include="argv_parser.c">
      <Filter>Source files</Filter>
    </ClCompile>
  </ItemGroup>
  <ItemGroup>
    <ClInclude Include="error.h">
      <Filter>Header files</Filter>
    </ClInclude>
    <ClInclude Include="function.h">
      <Filter>Header files</Filter>
    </ClInclude>
    <ClInclude Include="hash.h">
      <Filter>Header files</Filter>
    </ClInclude>
    <ClInclude Include="iter.h">
      <Filter>Header files</Filter>
    </ClInclude>
    <ClInclude Include="lexer.h">
      <Filter>Header files</Filter>
    </ClInclude>
    <ClInclude Include="llist.h">
      <Filter>Header files</Filter>
    </ClInclude>
    <ClInclude Include="nodes.h">
      <Filter>Header files</Filter>
    </ClInclude>
    <ClInclude Include="nst_types.h">
      <Filter>Header files</Filter>
    </ClInclude>
    <ClInclude Include="parser.h">
      <Filter>Header files</Filter>
    </ClInclude>
    <ClInclude Include="simple_types.h">
      <Filter>Header files</Filter>
    </ClInclude>
    <ClInclude Include="sequence.h">
      <Filter>Header files</Filter>
    </ClInclude>
    <ClInclude Include="map.h">
      <Filter>Header files</Filter>
    </ClInclude>
    <ClInclude Include="obj.h">
      <Filter>Header files</Filter>
    </ClInclude>
    <ClInclude Include="obj_ops.h">
      <Filter>Header files</Filter>
    </ClInclude>
    <ClInclude Include="str.h">
      <Filter>Header files</Filter>
    </ClInclude>
    <ClInclude Include="var_table.h">
      <Filter>Header files</Filter>
    </ClInclude>
    <ClInclude Include="tokens.h">
      <Filter>Header files</Filter>
    </ClInclude>
    <ClInclude Include="nest_include.h">
      <Filter>Header files</Filter>
    </ClInclude>
    <ClInclude Include="lib_import.h">
      <Filter>Header files</Filter>
    </ClInclude>
    <ClInclude Include="error_internal.h">
      <Filter>Header files</Filter>
    </ClInclude>
    <ClInclude Include="compiler.h">
      <Filter>Header files</Filter>
    </ClInclude>
    <ClInclude Include="optimizer.h">
      <Filter>Header files</Filter>
    </ClInclude>
    <ClInclude Include="interpreter.h">
      <Filter>Header files</Filter>
    </ClInclude>
    <ClInclude Include="runtime_stack.h">
      <Filter>Header files</Filter>
    </ClInclude>
    <ClInclude Include="instructions.h">
      <Filter>Header files</Filter>
    </ClInclude>
    <ClInclude Include="ggc.h">
      <Filter>Header files</Filter>
    </ClInclude>
    <ClInclude Include="argv_parser.h">
      <Filter>Header files</Filter>
    </ClInclude>
    <ClInclude Include="nest.h">
      <Filter>Header files</Filter>
    </ClInclude>
  </ItemGroup>
  <ItemGroup>
    <None Include="lib_import.c">
      <Filter>Source files</Filter>
    </None>
    <None Include="_test.nest">
      <Filter>Resources</Filter>
    </None>
  </ItemGroup>
</Project>