<?xml version="1.0" encoding="utf-8"?>
<Project ToolsVersion="4.0" xmlns="http://schemas.microsoft.com/developer/msbuild/2003">
  <ItemGroup>
    <Filter Include="File di origine">
      <UniqueIdentifier>{4FC737F1-C7A5-4376-A066-2A32D752A2FF}</UniqueIdentifier>
      <Extensions>cpp;c;cc;cxx;c++;cppm;ixx;def;odl;idl;hpj;bat;asm;asmx</Extensions>
    </Filter>
    <Filter Include="File di intestazione">
      <UniqueIdentifier>{93995380-89BD-4b04-88EB-625FBE52EBFB}</UniqueIdentifier>
      <Extensions>h;hh;hpp;hxx;h++;hm;inl;inc;ipp;xsd</Extensions>
    </Filter>
    <Filter Include="File di risorse">
      <UniqueIdentifier>{67DA6AB6-F800-4c08-8B7A-83BB121AAD01}</UniqueIdentifier>
      <Extensions>rc;ico;cur;bmp;dlg;rc2;rct;bin;rgs;gif;jpg;jpeg;jpe;resx;tiff;tif;png;wav;mfcribbon-ms</Extensions>
    </Filter>
  </ItemGroup>
  <ItemGroup>
    <ClInclude Include="framework.h">
      <Filter>File di intestazione</Filter>
    </ClInclude>
    <ClInclude Include="nest_io.h">
      <Filter>File di intestazione</Filter>
    </ClInclude>
    <ClInclude Include="nest_source\error.h">
      <Filter>File di intestazione</Filter>
    </ClInclude>
    <ClInclude Include="nest_source\error_internal.h">
      <Filter>File di intestazione</Filter>
    </ClInclude>
    <ClInclude Include="nest_source\function.h">
      <Filter>File di intestazione</Filter>
    </ClInclude>
    <ClInclude Include="nest_source\hash.h">
      <Filter>File di intestazione</Filter>
    </ClInclude>
    <ClInclude Include="nest_source\interpreter.h">
      <Filter>File di intestazione</Filter>
    </ClInclude>
    <ClInclude Include="nest_source\iter.h">
      <Filter>File di intestazione</Filter>
    </ClInclude>
    <ClInclude Include="nest_source\lexer.h">
      <Filter>File di intestazione</Filter>
    </ClInclude>
    <ClInclude Include="nest_source\lib_import.h">
      <Filter>File di intestazione</Filter>
    </ClInclude>
    <ClInclude Include="nest_source\llist.h">
      <Filter>File di intestazione</Filter>
    </ClInclude>
    <ClInclude Include="nest_source\map.h">
      <Filter>File di intestazione</Filter>
    </ClInclude>
    <ClInclude Include="nest_source\nest_include.h">
      <Filter>File di intestazione</Filter>
    </ClInclude>
    <ClInclude Include="nest_source\nodes.h">
      <Filter>File di intestazione</Filter>
    </ClInclude>
    <ClInclude Include="nest_source\nst_types.h">
      <Filter>File di intestazione</Filter>
    </ClInclude>
    <ClInclude Include="nest_source\obj.h">
      <Filter>File di intestazione</Filter>
    </ClInclude>
    <ClInclude Include="nest_source\obj_ops.h">
      <Filter>File di intestazione</Filter>
    </ClInclude>
    <ClInclude Include="nest_source\parser.h">
      <Filter>File di intestazione</Filter>
    </ClInclude>
    <ClInclude Include="nest_source\sequence.h">
      <Filter>File di intestazione</Filter>
    </ClInclude>
    <ClInclude Include="nest_source\simple_types.h">
      <Filter>File di intestazione</Filter>
    </ClInclude>
    <ClInclude Include="nest_source\str.h">
      <Filter>File di intestazione</Filter>
    </ClInclude>
    <ClInclude Include="nest_source\tokens.h">
      <Filter>File di intestazione</Filter>
    </ClInclude>
    <ClInclude Include="nest_source\var_table.h">
      <Filter>File di intestazione</Filter>
    </ClInclude>
  </ItemGroup>
  <ItemGroup>
    <ClCompile Include="dllmain.cpp">
      <Filter>File di origine</Filter>
    </ClCompile>
    <ClCompile Include="nest_io.cpp">
      <Filter>File di origine</Filter>
    </ClCompile>
    <ClCompile Include="nest_source\error.c">
      <Filter>File di origine</Filter>
    </ClCompile>
    <ClCompile Include="nest_source\function.c">
      <Filter>File di origine</Filter>
    </ClCompile>
    <ClCompile Include="nest_source\hash.c">
      <Filter>File di origine</Filter>
    </ClCompile>
    <ClCompile Include="nest_source\interpreter.c">
      <Filter>File di origine</Filter>
    </ClCompile>
    <ClCompile Include="nest_source\iter.c">
      <Filter>File di origine</Filter>
    </ClCompile>
    <ClCompile Include="nest_source\lexer.c">
      <Filter>File di origine</Filter>
    </ClCompile>
    <ClCompile Include="nest_source\lib_import.c">
      <Filter>File di origine</Filter>
    </ClCompile>
    <ClCompile Include="nest_source\llist.c">
      <Filter>File di origine</Filter>
    </ClCompile>
    <ClCompile Include="nest_source\map.c">
      <Filter>File di origine</Filter>
    </ClCompile>
    <ClCompile Include="nest_source\nodes.c">
      <Filter>File di origine</Filter>
    </ClCompile>
    <ClCompile Include="nest_source\obj.c">
      <Filter>File di origine</Filter>
    </ClCompile>
    <ClCompile Include="nest_source\obj_ops.c">
      <Filter>File di origine</Filter>
    </ClCompile>
    <ClCompile Include="nest_source\parser.c">
      <Filter>File di origine</Filter>
    </ClCompile>
    <ClCompile Include="nest_source\sequence.c">
      <Filter>File di origine</Filter>
    </ClCompile>
    <ClCompile Include="nest_source\simple_types.c">
      <Filter>File di origine</Filter>
    </ClCompile>
    <ClCompile Include="nest_source\str.c">
      <Filter>File di origine</Filter>
    </ClCompile>
    <ClCompile Include="nest_source\tokens.c">
      <Filter>File di origine</Filter>
    </ClCompile>
    <ClCompile Include="nest_source\var_table.c">
      <Filter>File di origine</Filter>
    </ClCompile>
  </ItemGroup>
</Project>